// !$*UTF8*$!
{
	archiveVersion = 1;
	classes = {
	};
	objectVersion = 56;
	objects = {

/* Begin PBXBuildFile section */
		904ECB952C9667B600638A49 /* swiftUIChatterApp.swift in Sources */ = {isa = PBXBuildFile; fileRef = 904ECB942C9667B600638A49 /* swiftUIChatterApp.swift */; };
		904ECB972C9667B600638A49 /* MainView.swift in Sources */ = {isa = PBXBuildFile; fileRef = 904ECB962C9667B600638A49 /* MainView.swift */; };
		904ECB992C9667B800638A49 /* Assets.xcassets in Resources */ = {isa = PBXBuildFile; fileRef = 904ECB982C9667B800638A49 /* Assets.xcassets */; };
		904ECB9C2C9667B800638A49 /* Preview Assets.xcassets in Resources */ = {isa = PBXBuildFile; fileRef = 904ECB9B2C9667B800638A49 /* Preview Assets.xcassets */; };
		904ECBA32C9668D400638A49 /* Chatt.swift in Sources */ = {isa = PBXBuildFile; fileRef = 904ECBA22C9668D400638A49 /* Chatt.swift */; };
		904ECBA52C966A5C00638A49 /* ChattStore.swift in Sources */ = {isa = PBXBuildFile; fileRef = 904ECBA42C966A5C00638A49 /* ChattStore.swift */; };
		904ECBA72C966EAD00638A49 /* ChattListRow.swift in Sources */ = {isa = PBXBuildFile; fileRef = 904ECBA62C966EAD00638A49 /* ChattListRow.swift */; };
		904ECBA92C9A4EA800638A49 /* PostView.swift in Sources */ = {isa = PBXBuildFile; fileRef = 904ECBA82C9A4EA800638A49 /* PostView.swift */; };
		92C617942CACB787004530B6 /* AudioPlayer.swift in Sources */ = {isa = PBXBuildFile; fileRef = 92C617932CACB787004530B6 /* AudioPlayer.swift */; };
		92C617962CACE214004530B6 /* AudioView.swift in Sources */ = {isa = PBXBuildFile; fileRef = 92C617952CACE214004530B6 /* AudioView.swift */; };
/* End PBXBuildFile section */

/* Begin PBXFileReference section */
		904ECB912C9667B600638A49 /* swiftUIChatter.app */ = {isa = PBXFileReference; explicitFileType = wrapper.application; includeInIndex = 0; path = swiftUIChatter.app; sourceTree = BUILT_PRODUCTS_DIR; };
		904ECB942C9667B600638A49 /* swiftUIChatterApp.swift */ = {isa = PBXFileReference; lastKnownFileType = sourcecode.swift; path = swiftUIChatterApp.swift; sourceTree = "<group>"; };
		904ECB962C9667B600638A49 /* MainView.swift */ = {isa = PBXFileReference; lastKnownFileType = sourcecode.swift; path = MainView.swift; sourceTree = "<group>"; };
		904ECB982C9667B800638A49 /* Assets.xcassets */ = {isa = PBXFileReference; lastKnownFileType = folder.assetcatalog; path = Assets.xcassets; sourceTree = "<group>"; };
		904ECB9B2C9667B800638A49 /* Preview Assets.xcassets */ = {isa = PBXFileReference; lastKnownFileType = folder.assetcatalog; path = "Preview Assets.xcassets"; sourceTree = "<group>"; };
		904ECBA22C9668D400638A49 /* Chatt.swift */ = {isa = PBXFileReference; lastKnownFileType = sourcecode.swift; path = Chatt.swift; sourceTree = "<group>"; };
		904ECBA42C966A5C00638A49 /* ChattStore.swift */ = {isa = PBXFileReference; lastKnownFileType = sourcecode.swift; path = ChattStore.swift; sourceTree = "<group>"; };
		904ECBA62C966EAD00638A49 /* ChattListRow.swift */ = {isa = PBXFileReference; lastKnownFileType = sourcecode.swift; path = ChattListRow.swift; sourceTree = "<group>"; };
		904ECBA82C9A4EA800638A49 /* PostView.swift */ = {isa = PBXFileReference; lastKnownFileType = sourcecode.swift; path = PostView.swift; sourceTree = "<group>"; };
		92C617902CACB529004530B6 /* Info.plist */ = {isa = PBXFileReference; lastKnownFileType = text.plist; path = Info.plist; sourceTree = "<group>"; };
		92C617932CACB787004530B6 /* AudioPlayer.swift */ = {isa = PBXFileReference; lastKnownFileType = sourcecode.swift; path = AudioPlayer.swift; sourceTree = "<group>"; };
		92C617952CACE214004530B6 /* AudioView.swift */ = {isa = PBXFileReference; lastKnownFileType = sourcecode.swift; path = AudioView.swift; sourceTree = "<group>"; };
/* End PBXFileReference section */

/* Begin PBXFrameworksBuildPhase section */
		904ECB8E2C9667B600638A49 /* Frameworks */ = {
			isa = PBXFrameworksBuildPhase;
			buildActionMask = 2147483647;
			files = (
			);
			runOnlyForDeploymentPostprocessing = 0;
		};
/* End PBXFrameworksBuildPhase section */

/* Begin PBXGroup section */
		904ECB882C9667B600638A49 = {
			isa = PBXGroup;
			children = (
				904ECB932C9667B600638A49 /* swiftUIChatter */,
				904ECB922C9667B600638A49 /* Products */,
			);
			sourceTree = "<group>";
		};
		904ECB922C9667B600638A49 /* Products */ = {
			isa = PBXGroup;
			children = (
				904ECB912C9667B600638A49 /* swiftUIChatter.app */,
			);
			name = Products;
			sourceTree = "<group>";
		};
		904ECB932C9667B600638A49 /* swiftUIChatter */ = {
			isa = PBXGroup;
			children = (
				92C617902CACB529004530B6 /* Info.plist */,
				904ECB942C9667B600638A49 /* swiftUIChatterApp.swift */,
				904ECB962C9667B600638A49 /* MainView.swift */,
				904ECB982C9667B800638A49 /* Assets.xcassets */,
				904ECB9A2C9667B800638A49 /* Preview Content */,
				904ECBA22C9668D400638A49 /* Chatt.swift */,
				904ECBA42C966A5C00638A49 /* ChattStore.swift */,
				904ECBA62C966EAD00638A49 /* ChattListRow.swift */,
				904ECBA82C9A4EA800638A49 /* PostView.swift */,
				92C617932CACB787004530B6 /* AudioPlayer.swift */,
				92C617952CACE214004530B6 /* AudioView.swift */,
			);
			path = swiftUIChatter;
			sourceTree = "<group>";
		};
		904ECB9A2C9667B800638A49 /* Preview Content */ = {
			isa = PBXGroup;
			children = (
				904ECB9B2C9667B800638A49 /* Preview Assets.xcassets */,
			);
			path = "Preview Content";
			sourceTree = "<group>";
		};
/* End PBXGroup section */

/* Begin PBXNativeTarget section */
		904ECB902C9667B600638A49 /* swiftUIChatter */ = {
			isa = PBXNativeTarget;
			buildConfigurationList = 904ECB9F2C9667B800638A49 /* Build configuration list for PBXNativeTarget "swiftUIChatter" */;
			buildPhases = (
				904ECB8D2C9667B600638A49 /* Sources */,
				904ECB8E2C9667B600638A49 /* Frameworks */,
				904ECB8F2C9667B600638A49 /* Resources */,
			);
			buildRules = (
			);
			dependencies = (
			);
			name = swiftUIChatter;
			productName = swiftUIChatter;
			productReference = 904ECB912C9667B600638A49 /* swiftUIChatter.app */;
			productType = "com.apple.product-type.application";
		};
/* End PBXNativeTarget section */

/* Begin PBXProject section */
		904ECB892C9667B600638A49 /* Project object */ = {
			isa = PBXProject;
			attributes = {
				BuildIndependentTargetsInParallel = 1;
				LastSwiftUpdateCheck = 1500;
				LastUpgradeCheck = 1500;
				TargetAttributes = {
					904ECB902C9667B600638A49 = {
						CreatedOnToolsVersion = 15.0.1;
					};
				};
			};
			buildConfigurationList = 904ECB8C2C9667B600638A49 /* Build configuration list for PBXProject "swiftUIChatter" */;
			compatibilityVersion = "Xcode 14.0";
			developmentRegion = en;
			hasScannedForEncodings = 0;
			knownRegions = (
				en,
				Base,
			);
			mainGroup = 904ECB882C9667B600638A49;
			productRefGroup = 904ECB922C9667B600638A49 /* Products */;
			projectDirPath = "";
			projectRoot = "";
			targets = (
				904ECB902C9667B600638A49 /* swiftUIChatter */,
			);
		};
/* End PBXProject section */

/* Begin PBXResourcesBuildPhase section */
		904ECB8F2C9667B600638A49 /* Resources */ = {
			isa = PBXResourcesBuildPhase;
			buildActionMask = 2147483647;
			files = (
				904ECB9C2C9667B800638A49 /* Preview Assets.xcassets in Resources */,
				904ECB992C9667B800638A49 /* Assets.xcassets in Resources */,
			);
			runOnlyForDeploymentPostprocessing = 0;
		};
/* End PBXResourcesBuildPhase section */

/* Begin PBXSourcesBuildPhase section */
		904ECB8D2C9667B600638A49 /* Sources */ = {
			isa = PBXSourcesBuildPhase;
			buildActionMask = 2147483647;
			files = (
				904ECBA52C966A5C00638A49 /* ChattStore.swift in Sources */,
				904ECB972C9667B600638A49 /* MainView.swift in Sources */,
				904ECB952C9667B600638A49 /* swiftUIChatterApp.swift in Sources */,
				904ECBA32C9668D400638A49 /* Chatt.swift in Sources */,
				904ECBA92C9A4EA800638A49 /* PostView.swift in Sources */,
				904ECBA72C966EAD00638A49 /* ChattListRow.swift in Sources */,
				92C617942CACB787004530B6 /* AudioPlayer.swift in Sources */,
				92C617962CACE214004530B6 /* AudioView.swift in Sources */,
			);
			runOnlyForDeploymentPostprocessing = 0;
		};
/* End PBXSourcesBuildPhase section */

/* Begin XCBuildConfiguration section */
		904ECB9D2C9667B800638A49 /* Debug */ = {
			isa = XCBuildConfiguration;
			buildSettings = {
				ALWAYS_SEARCH_USER_PATHS = NO;
				ASSETCATALOG_COMPILER_GENERATE_SWIFT_ASSET_SYMBOL_EXTENSIONS = YES;
				CLANG_ANALYZER_NONNULL = YES;
				CLANG_ANALYZER_NUMBER_OBJECT_CONVERSION = YES_AGGRESSIVE;
				CLANG_CXX_LANGUAGE_STANDARD = "gnu++20";
				CLANG_ENABLE_MODULES = YES;
				CLANG_ENABLE_OBJC_ARC = YES;
				CLANG_ENABLE_OBJC_WEAK = YES;
				CLANG_WARN_BLOCK_CAPTURE_AUTORELEASING = YES;
				CLANG_WARN_BOOL_CONVERSION = YES;
				CLANG_WARN_COMMA = YES;
				CLANG_WARN_CONSTANT_CONVERSION = YES;
				CLANG_WARN_DEPRECATED_OBJC_IMPLEMENTATIONS = YES;
				CLANG_WARN_DIRECT_OBJC_ISA_USAGE = YES_ERROR;
				CLANG_WARN_DOCUMENTATION_COMMENTS = YES;
				CLANG_WARN_EMPTY_BODY = YES;
				CLANG_WARN_ENUM_CONVERSION = YES;
				CLANG_WARN_INFINITE_RECURSION = YES;
				CLANG_WARN_INT_CONVERSION = YES;
				CLANG_WARN_NON_LITERAL_NULL_CONVERSION = YES;
				CLANG_WARN_OBJC_IMPLICIT_RETAIN_SELF = YES;
				CLANG_WARN_OBJC_LITERAL_CONVERSION = YES;
				CLANG_WARN_OBJC_ROOT_CLASS = YES_ERROR;
				CLANG_WARN_QUOTED_INCLUDE_IN_FRAMEWORK_HEADER = YES;
				CLANG_WARN_RANGE_LOOP_ANALYSIS = YES;
				CLANG_WARN_STRICT_PROTOTYPES = YES;
				CLANG_WARN_SUSPICIOUS_MOVE = YES;
				CLANG_WARN_UNGUARDED_AVAILABILITY = YES_AGGRESSIVE;
				CLANG_WARN_UNREACHABLE_CODE = YES;
				CLANG_WARN__DUPLICATE_METHOD_MATCH = YES;
				COPY_PHASE_STRIP = NO;
				DEBUG_INFORMATION_FORMAT = dwarf;
				ENABLE_STRICT_OBJC_MSGSEND = YES;
				ENABLE_TESTABILITY = YES;
				ENABLE_USER_SCRIPT_SANDBOXING = YES;
				GCC_C_LANGUAGE_STANDARD = gnu17;
				GCC_DYNAMIC_NO_PIC = NO;
				GCC_NO_COMMON_BLOCKS = YES;
				GCC_OPTIMIZATION_LEVEL = 0;
				GCC_PREPROCESSOR_DEFINITIONS = (
					"DEBUG=1",
					"$(inherited)",
				);
				GCC_WARN_64_TO_32_BIT_CONVERSION = YES;
				GCC_WARN_ABOUT_RETURN_TYPE = YES_ERROR;
				GCC_WARN_UNDECLARED_SELECTOR = YES;
				GCC_WARN_UNINITIALIZED_AUTOS = YES_AGGRESSIVE;
				GCC_WARN_UNUSED_FUNCTION = YES;
				GCC_WARN_UNUSED_VARIABLE = YES;
				IPHONEOS_DEPLOYMENT_TARGET = 17.0;
				LOCALIZATION_PREFERS_STRING_CATALOGS = YES;
				MTL_ENABLE_DEBUG_INFO = INCLUDE_SOURCE;
				MTL_FAST_MATH = YES;
				ONLY_ACTIVE_ARCH = YES;
				SDKROOT = iphoneos;
				SWIFT_ACTIVE_COMPILATION_CONDITIONS = "DEBUG $(inherited)";
				SWIFT_OPTIMIZATION_LEVEL = "-Onone";
			};
			name = Debug;
		};
		904ECB9E2C9667B800638A49 /* Release */ = {
			isa = XCBuildConfiguration;
			buildSettings = {
				ALWAYS_SEARCH_USER_PATHS = NO;
				ASSETCATALOG_COMPILER_GENERATE_SWIFT_ASSET_SYMBOL_EXTENSIONS = YES;
				CLANG_ANALYZER_NONNULL = YES;
				CLANG_ANALYZER_NUMBER_OBJECT_CONVERSION = YES_AGGRESSIVE;
				CLANG_CXX_LANGUAGE_STANDARD = "gnu++20";
				CLANG_ENABLE_MODULES = YES;
				CLANG_ENABLE_OBJC_ARC = YES;
				CLANG_ENABLE_OBJC_WEAK = YES;
				CLANG_WARN_BLOCK_CAPTURE_AUTORELEASING = YES;
				CLANG_WARN_BOOL_CONVERSION = YES;
				CLANG_WARN_COMMA = YES;
				CLANG_WARN_CONSTANT_CONVERSION = YES;
				CLANG_WARN_DEPRECATED_OBJC_IMPLEMENTATIONS = YES;
				CLANG_WARN_DIRECT_OBJC_ISA_USAGE = YES_ERROR;
				CLANG_WARN_DOCUMENTATION_COMMENTS = YES;
				CLANG_WARN_EMPTY_BODY = YES;
				CLANG_WARN_ENUM_CONVERSION = YES;
				CLANG_WARN_INFINITE_RECURSION = YES;
				CLANG_WARN_INT_CONVERSION = YES;
				CLANG_WARN_NON_LITERAL_NULL_CONVERSION = YES;
				CLANG_WARN_OBJC_IMPLICIT_RETAIN_SELF = YES;
				CLANG_WARN_OBJC_LITERAL_CONVERSION = YES;
				CLANG_WARN_OBJC_ROOT_CLASS = YES_ERROR;
				CLANG_WARN_QUOTED_INCLUDE_IN_FRAMEWORK_HEADER = YES;
				CLANG_WARN_RANGE_LOOP_ANALYSIS = YES;
				CLANG_WARN_STRICT_PROTOTYPES = YES;
				CLANG_WARN_SUSPICIOUS_MOVE = YES;
				CLANG_WARN_UNGUARDED_AVAILABILITY = YES_AGGRESSIVE;
				CLANG_WARN_UNREACHABLE_CODE = YES;
				CLANG_WARN__DUPLICATE_METHOD_MATCH = YES;
				COPY_PHASE_STRIP = NO;
				DEBUG_INFORMATION_FORMAT = "dwarf-with-dsym";
				ENABLE_NS_ASSERTIONS = NO;
				ENABLE_STRICT_OBJC_MSGSEND = YES;
				ENABLE_USER_SCRIPT_SANDBOXING = YES;
				GCC_C_LANGUAGE_STANDARD = gnu17;
				GCC_NO_COMMON_BLOCKS = YES;
				GCC_WARN_64_TO_32_BIT_CONVERSION = YES;
				GCC_WARN_ABOUT_RETURN_TYPE = YES_ERROR;
				GCC_WARN_UNDECLARED_SELECTOR = YES;
				GCC_WARN_UNINITIALIZED_AUTOS = YES_AGGRESSIVE;
				GCC_WARN_UNUSED_FUNCTION = YES;
				GCC_WARN_UNUSED_VARIABLE = YES;
				IPHONEOS_DEPLOYMENT_TARGET = 17.0;
				LOCALIZATION_PREFERS_STRING_CATALOGS = YES;
				MTL_ENABLE_DEBUG_INFO = NO;
				MTL_FAST_MATH = YES;
				SDKROOT = iphoneos;
				SWIFT_COMPILATION_MODE = wholemodule;
				VALIDATE_PRODUCT = YES;
			};
			name = Release;
		};
		904ECBA02C9667B800638A49 /* Debug */ = {
			isa = XCBuildConfiguration;
			buildSettings = {
				ASSETCATALOG_COMPILER_APPICON_NAME = AppIcon;
				ASSETCATALOG_COMPILER_GLOBAL_ACCENT_COLOR_NAME = AccentColor;
				CODE_SIGN_STYLE = Automatic;
				CURRENT_PROJECT_VERSION = 1;
				DEVELOPMENT_ASSET_PATHS = "\"swiftUIChatter/Preview Content\"";
				ENABLE_PREVIEWS = YES;
				GENERATE_INFOPLIST_FILE = YES;
				INFOPLIST_FILE = swiftUIChatter/Info.plist;
				INFOPLIST_KEY_CFBundleDisplayName = "";
				INFOPLIST_KEY_NSMicrophoneUsageDescription = "To record audio chatt";
				INFOPLIST_KEY_UIApplicationSceneManifest_Generation = YES;
				INFOPLIST_KEY_UIApplicationSupportsIndirectInputEvents = YES;
				INFOPLIST_KEY_UILaunchScreen_Generation = YES;
				INFOPLIST_KEY_UISupportedInterfaceOrientations_iPad = "UIInterfaceOrientationPortrait UIInterfaceOrientationPortraitUpsideDown UIInterfaceOrientationLandscapeLeft UIInterfaceOrientationLandscapeRight";
				INFOPLIST_KEY_UISupportedInterfaceOrientations_iPhone = "UIInterfaceOrientationPortrait UIInterfaceOrientationLandscapeLeft UIInterfaceOrientationLandscapeRight";
				LD_RUNPATH_SEARCH_PATHS = (
					"$(inherited)",
					"@executable_path/Frameworks",
				);
				MARKETING_VERSION = 1.0;
				PRODUCT_BUNDLE_IDENTIFIER = edu.mich.nesbittj.swiftUIChatter;
				PRODUCT_NAME = "$(TARGET_NAME)";
				SWIFT_EMIT_LOC_STRINGS = YES;
				SWIFT_VERSION = 5.0;
				TARGETED_DEVICE_FAMILY = "1,2";
			};
			name = Debug;
		};
		904ECBA12C9667B800638A49 /* Release */ = {
			isa = XCBuildConfiguration;
			buildSettings = {
				ASSETCATALOG_COMPILER_APPICON_NAME = AppIcon;
				ASSETCATALOG_COMPILER_GLOBAL_ACCENT_COLOR_NAME = AccentColor;
				CODE_SIGN_STYLE = Automatic;
				CURRENT_PROJECT_VERSION = 1;
				DEVELOPMENT_ASSET_PATHS = "\"swiftUIChatter/Preview Content\"";
				ENABLE_PREVIEWS = YES;
				GENERATE_INFOPLIST_FILE = YES;
				INFOPLIST_FILE = swiftUIChatter/Info.plist;
				INFOPLIST_KEY_CFBundleDisplayName = "";
				INFOPLIST_KEY_NSMicrophoneUsageDescription = "To record audio chatt";
				INFOPLIST_KEY_UIApplicationSceneManifest_Generation = YES;
				INFOPLIST_KEY_UIApplicationSupportsIndirectInputEvents = YES;
				INFOPLIST_KEY_UILaunchScreen_Generation = YES;
				INFOPLIST_KEY_UISupportedInterfaceOrientations_iPad = "UIInterfaceOrientationPortrait UIInterfaceOrientationPortraitUpsideDown UIInterfaceOrientationLandscapeLeft UIInterfaceOrientationLandscapeRight";
				INFOPLIST_KEY_UISupportedInterfaceOrientations_iPhone = "UIInterfaceOrientationPortrait UIInterfaceOrientationLandscapeLeft UIInterfaceOrientationLandscapeRight";
				LD_RUNPATH_SEARCH_PATHS = (
					"$(inherited)",
					"@executable_path/Frameworks",
				);
				MARKETING_VERSION = 1.0;
				PRODUCT_BUNDLE_IDENTIFIER = edu.mich.nesbittj.swiftUIChatter;
				PRODUCT_NAME = "$(TARGET_NAME)";
				SWIFT_EMIT_LOC_STRINGS = YES;
				SWIFT_VERSION = 5.0;
				TARGETED_DEVICE_FAMILY = "1,2";
			};
			name = Release;
		};
/* End XCBuildConfiguration section */

/* Begin XCConfigurationList section */
		904ECB8C2C9667B600638A49 /* Build configuration list for PBXProject "swiftUIChatter" */ = {
			isa = XCConfigurationList;
			buildConfigurations = (
				904ECB9D2C9667B800638A49 /* Debug */,
				904ECB9E2C9667B800638A49 /* Release */,
			);
			defaultConfigurationIsVisible = 0;
			defaultConfigurationName = Release;
		};
		904ECB9F2C9667B800638A49 /* Build configuration list for PBXNativeTarget "swiftUIChatter" */ = {
			isa = XCConfigurationList;
			buildConfigurations = (
				904ECBA02C9667B800638A49 /* Debug */,
				904ECBA12C9667B800638A49 /* Release */,
			);
			defaultConfigurationIsVisible = 0;
			defaultConfigurationName = Release;
		};
/* End XCConfigurationList section */
	};
	rootObject = 904ECB892C9667B600638A49 /* Project object */;
}
